
Microsoft Visual Studio Solution File, Format Version 12.00
# Visual Studio Version 16
VisualStudioVersion = 16.0.32106.194
MinimumVisualStudioVersion = 10.0.40219.1
Project("{FAE04EC0-301F-11D3-BF4B-00C04F79EFBC}") = "tapgear", "tapgear\tapgear.csproj", "{FA672507-69A6-40DA-AC09-49F299A45DD5}"
EndProject
Global
	GlobalSection(SolutionConfigurationPlatforms) = preSolution
		Debug|Any CPU = Debug|Any CPU
		Release|Any CPU = Release|Any CPU
	EndGlobalSection
	GlobalSection(ProjectConfigurationPlatforms) = postSolution
		{FA672507-69A6-40DA-AC09-49F299A45DD5}.Debug|Any CPU.ActiveCfg = Debug|Any CPU
		{FA672507-69A6-40DA-AC09-49F299A45DD5}.Debug|Any CPU.Build.0 = Debug|Any CPU
		{FA672507-69A6-40DA-AC09-49F299A45DD5}.Release|Any CPU.ActiveCfg = Release|Any CPU
		{FA672507-69A6-40DA-AC09-49F299A45DD5}.Release|Any CPU.Build.0 = Release|Any CPU
	EndGlobalSection
	GlobalSection(SolutionProperties) = preSolution
		HideSolutionNode = FALSE
	EndGlobalSection
	GlobalSection(ExtensibilityGlobals) = postSolution
		SolutionGuid = {4D05C838-AA28-45C0-9D3A-76A6C8286E39}
	EndGlobalSection
EndGlobal
